
Microsoft Visual Studio Solution File, Format Version 12.00
# Visual Studio Version 16
VisualStudioVersion = 16.0.33927.289
MinimumVisualStudioVersion = 10.0.40219.1
Project("{2150E333-8FDC-42A3-9474-1A3956D46DE8}") = "Task0", "Task0", "{0E2FAE95-AF09-4D6A-84B7-3BAC83BB2AC4}"
EndProject
Project("{FAE04EC0-301F-11D3-BF4B-00C04F79EFBC}") = "Tyuiu.KornilovKA.Sprint5.Task0.V20", "Tyuiu.KornilovKA.Sprint5.Task0.V20\Tyuiu.KornilovKA.Sprint5.Task0.V20.csproj", "{E9630ECB-2BCA-4D79-800E-2A09536FAC77}"
EndProject
Project("{FAE04EC0-301F-11D3-BF4B-00C04F79EFBC}") = "Tyuiu.KornilovKA.Sprint5.Task0.V20.Lib", "Tyuiu.KornilovKA.Sprint5.Task0.V20.Lib\Tyuiu.KornilovKA.Sprint5.Task0.V20.Lib.csproj", "{14781C26-EFCD-46E5-ACD0-30A2C8684D51}"
EndProject
Project("{FAE04EC0-301F-11D3-BF4B-00C04F79EFBC}") = "Tyuiu.KornilovKA.Sprint5.Task0.V20.Test", "Tyuiu.KornilovKA.Sprint5.Task0.V20.Test\Tyuiu.KornilovKA.Sprint5.Task0.V20.Test.csproj", "{62DE5037-D099-4E8D-B0C7-C4CD20166784}"
EndProject
Project("{2150E333-8FDC-42A3-9474-1A3956D46DE8}") = "Task1", "Task1", "{1A109641-7E39-4D74-AB1E-18C300D78808}"
EndProject
Project("{FAE04EC0-301F-11D3-BF4B-00C04F79EFBC}") = "Tyuiu.KornilovKA.Sprint5.Task1.V28", "Tyuiu.KornilovKA.Sprint5.Task1.V28\Tyuiu.KornilovKA.Sprint5.Task1.V28.csproj", "{E1A5D77B-D553-4750-8790-47C1BDB57450}"
EndProject
Project("{FAE04EC0-301F-11D3-BF4B-00C04F79EFBC}") = "Tyuiu.KornilovKA.Sprint5.Task1.V28.Lib", "Tyuiu.KornilovKA.Sprint5.Task1.V28.Lib\Tyuiu.KornilovKA.Sprint5.Task1.V28.Lib.csproj", "{EDFD9E16-4645-4256-8463-83383F7FFC5C}"
EndProject
Project("{FAE04EC0-301F-11D3-BF4B-00C04F79EFBC}") = "Tyuiu.KornilovKA.Sprint5.Task1.V28.Test", "Tyuiu.KornilovKA.Sprint5.Task1.V28.Test\Tyuiu.KornilovKA.Sprint5.Task1.V28.Test.csproj", "{9527175A-FC00-486E-9D0D-5CE64F791AF9}"
EndProject
Project("{2150E333-8FDC-42A3-9474-1A3956D46DE8}") = "Task2", "Task2", "{927D6D59-360B-4371-AB51-385ACC346036}"
EndProject
Project("{FAE04EC0-301F-11D3-BF4B-00C04F79EFBC}") = "Tyuiu.KornilovKA.Sprint5.Task2.V16", "Tyuiu.KornilovKA.Sprint5.Task2.V16\Tyuiu.KornilovKA.Sprint5.Task2.V16.csproj", "{C97CEF55-4D8E-4FA5-9D16-CEA67FE07075}"
EndProject
Project("{FAE04EC0-301F-11D3-BF4B-00C04F79EFBC}") = "Tyuiu.KornilovKA.Sprint5.Task2.V16.Lib", "Tyuiu.KornilovKA.Sprint5.Task2.V16.Lib\Tyuiu.KornilovKA.Sprint5.Task2.V16.Lib.csproj", "{118B4B39-CB4C-4C33-895D-F1EEE7288075}"
EndProject
Project("{FAE04EC0-301F-11D3-BF4B-00C04F79EFBC}") = "Tyuiu.KornilovKA.Sprint5.Task2.V16.Test", "Tyuiu.KornilovKA.Sprint5.Task2.V16.Test\Tyuiu.KornilovKA.Sprint5.Task2.V16.Test.csproj", "{DF38B760-5FA1-4DBD-9937-F5557143FAB7}"
EndProject
Project("{2150E333-8FDC-42A3-9474-1A3956D46DE8}") = "Task3", "Task3", "{7AF57AA5-CA27-4E7A-8C76-ADB4B32A6464}"
EndProject
Project("{FAE04EC0-301F-11D3-BF4B-00C04F79EFBC}") = "Tyuiu.KornilovKA.Sprint5.Task3.V15", "Tyuiu.KornilovKA.Sprint5.Task3.V15\Tyuiu.KornilovKA.Sprint5.Task3.V15.csproj", "{A7ECD554-C07F-4956-ADDD-474AE70556AB}"
EndProject
Project("{FAE04EC0-301F-11D3-BF4B-00C04F79EFBC}") = "Tyuiu.KornilovKA.Sprint5.Task3.V15.Lib", "Tyuiu.KornilovKA.Sprint5.Task3.V15.Lib\Tyuiu.KornilovKA.Sprint5.Task3.V15.Lib.csproj", "{7098667B-6918-4B5A-8C65-8C0CE9C0CA95}"
EndProject
Project("{FAE04EC0-301F-11D3-BF4B-00C04F79EFBC}") = "Tyuiu.KornilovKA.Sprint5.Task3.V15.Test", "Tyuiu.KornilovKA.Sprint5.Task3.V15.Test\Tyuiu.KornilovKA.Sprint5.Task3.V15.Test.csproj", "{89793381-2574-4F56-BDD3-4A3662837984}"
EndProject
Project("{2150E333-8FDC-42A3-9474-1A3956D46DE8}") = "Task4", "Task4", "{A01D0B0B-8408-47A0-AB5C-1C24EE659795}"
EndProject
Project("{FAE04EC0-301F-11D3-BF4B-00C04F79EFBC}") = "Tyuiu.KornilovKA.Sprint5.Task4.V21", "Tyuiu.KornilovKA.Sprint5.Task4.V21\Tyuiu.KornilovKA.Sprint5.Task4.V21.csproj", "{53E0AC7A-3616-471A-9984-D5E6B04FE5B1}"
EndProject
Project("{FAE04EC0-301F-11D3-BF4B-00C04F79EFBC}") = "Tyuiu.KornilovKA.Sprint5.Task4.V21.Lib", "Tyuiu.KornilovKA.Sprint5.Task4.V21.Lib\Tyuiu.KornilovKA.Sprint5.Task4.V21.Lib.csproj", "{E2522923-26E0-45D1-875C-34C1E597766F}"
EndProject
Project("{FAE04EC0-301F-11D3-BF4B-00C04F79EFBC}") = "Tyuiu.KornilovKA.Sprint5.Task4.V21.Test", "Tyuiu.KornilovKA.Sprint5.Task4.V21.Test\Tyuiu.KornilovKA.Sprint5.Task4.V21.Test.csproj", "{120A61D3-E419-4C17-B632-324820A3E2D9}"
EndProject
Project("{2150E333-8FDC-42A3-9474-1A3956D46DE8}") = "Task5", "Task5", "{9F4FDAB8-3B50-4A5F-82F9-0DF5B41FE3B9}"
EndProject
Project("{FAE04EC0-301F-11D3-BF4B-00C04F79EFBC}") = "Tyuiu.KornilovKA.Sprint5.Task5.V18", "Tyuiu.KornilovKA.Sprint5.Task5.V18\Tyuiu.KornilovKA.Sprint5.Task5.V18.csproj", "{5C8AA316-0AA7-4BB8-9712-352B199E310B}"
EndProject
Project("{FAE04EC0-301F-11D3-BF4B-00C04F79EFBC}") = "Tyuiu.KornilovKA.Sprint5.Task5.V18.Lib", "Tyuiu.KornilovKA.Sprint5.Task5.V18.Lib\Tyuiu.KornilovKA.Sprint5.Task5.V18.Lib.csproj", "{279253BB-6312-4558-94F8-684F3EA0892A}"
EndProject
Project("{FAE04EC0-301F-11D3-BF4B-00C04F79EFBC}") = "Tyuiu.KornilovKA.Sprint5.Task5.V18.Test", "Tyuiu.KornilovKA.Sprint5.Task5.V18.Test\Tyuiu.KornilovKA.Sprint5.Task5.V18.Test.csproj", "{463C3380-3D3E-4224-82BA-B3FB24B7975E}"
EndProject
Project("{2150E333-8FDC-42A3-9474-1A3956D46DE8}") = "Task6", "Task6", "{9311FC27-651A-4A98-9A23-5F8C6BF56DFE}"
EndProject
Project("{FAE04EC0-301F-11D3-BF4B-00C04F79EFBC}") = "Tyuiu.KornilovKA.Sprint5.Task6.V17", "Tyuiu.KornilovKA.Sprint5.Task6.V17\Tyuiu.KornilovKA.Sprint5.Task6.V17.csproj", "{C249FA1B-C120-4365-AE95-00FA5610AF69}"
EndProject
Project("{FAE04EC0-301F-11D3-BF4B-00C04F79EFBC}") = "Tyuiu.KornilovKA.Sprint5.Task6.V17.Lib", "Tyuiu.KornilovKA.Sprint5.Task6.V17.Lib\Tyuiu.KornilovKA.Sprint5.Task6.V17.Lib.csproj", "{72C21658-86C8-417C-BDB7-4444A5891508}"
EndProject
Project("{FAE04EC0-301F-11D3-BF4B-00C04F79EFBC}") = "Tyuiu.KornilovKA.Sprint5.Task6.V17.Test", "Tyuiu.KornilovKA.Sprint5.Task6.V17.Test\Tyuiu.KornilovKA.Sprint5.Task6.V17.Test.csproj", "{A008F708-0C60-49EB-BFDD-A7D8918CE8B8}"
EndProject
Global
	GlobalSection(SolutionConfigurationPlatforms) = preSolution
		Debug|Any CPU = Debug|Any CPU
		Release|Any CPU = Release|Any CPU
	EndGlobalSection
	GlobalSection(ProjectConfigurationPlatforms) = postSolution
		{E9630ECB-2BCA-4D79-800E-2A09536FAC77}.Debug|Any CPU.ActiveCfg = Debug|Any CPU
		{E9630ECB-2BCA-4D79-800E-2A09536FAC77}.Debug|Any CPU.Build.0 = Debug|Any CPU
		{E9630ECB-2BCA-4D79-800E-2A09536FAC77}.Release|Any CPU.ActiveCfg = Release|Any CPU
		{E9630ECB-2BCA-4D79-800E-2A09536FAC77}.Release|Any CPU.Build.0 = Release|Any CPU
		{14781C26-EFCD-46E5-ACD0-30A2C8684D51}.Debug|Any CPU.ActiveCfg = Debug|Any CPU
		{14781C26-EFCD-46E5-ACD0-30A2C8684D51}.Debug|Any CPU.Build.0 = Debug|Any CPU
		{14781C26-EFCD-46E5-ACD0-30A2C8684D51}.Release|Any CPU.ActiveCfg = Release|Any CPU
		{14781C26-EFCD-46E5-ACD0-30A2C8684D51}.Release|Any CPU.Build.0 = Release|Any CPU
		{62DE5037-D099-4E8D-B0C7-C4CD20166784}.Debug|Any CPU.ActiveCfg = Debug|Any CPU
		{62DE5037-D099-4E8D-B0C7-C4CD20166784}.Debug|Any CPU.Build.0 = Debug|Any CPU
		{62DE5037-D099-4E8D-B0C7-C4CD20166784}.Release|Any CPU.ActiveCfg = Release|Any CPU
		{62DE5037-D099-4E8D-B0C7-C4CD20166784}.Release|Any CPU.Build.0 = Release|Any CPU
		{E1A5D77B-D553-4750-8790-47C1BDB57450}.Debug|Any CPU.ActiveCfg = Debug|Any CPU
		{E1A5D77B-D553-4750-8790-47C1BDB57450}.Debug|Any CPU.Build.0 = Debug|Any CPU
		{E1A5D77B-D553-4750-8790-47C1BDB57450}.Release|Any CPU.ActiveCfg = Release|Any CPU
		{E1A5D77B-D553-4750-8790-47C1BDB57450}.Release|Any CPU.Build.0 = Release|Any CPU
		{EDFD9E16-4645-4256-8463-83383F7FFC5C}.Debug|Any CPU.ActiveCfg = Debug|Any CPU
		{EDFD9E16-4645-4256-8463-83383F7FFC5C}.Debug|Any CPU.Build.0 = Debug|Any CPU
		{EDFD9E16-4645-4256-8463-83383F7FFC5C}.Release|Any CPU.ActiveCfg = Release|Any CPU
		{EDFD9E16-4645-4256-8463-83383F7FFC5C}.Release|Any CPU.Build.0 = Release|Any CPU
		{9527175A-FC00-486E-9D0D-5CE64F791AF9}.Debug|Any CPU.ActiveCfg = Debug|Any CPU
		{9527175A-FC00-486E-9D0D-5CE64F791AF9}.Debug|Any CPU.Build.0 = Debug|Any CPU
		{9527175A-FC00-486E-9D0D-5CE64F791AF9}.Release|Any CPU.ActiveCfg = Release|Any CPU
		{9527175A-FC00-486E-9D0D-5CE64F791AF9}.Release|Any CPU.Build.0 = Release|Any CPU
		{C97CEF55-4D8E-4FA5-9D16-CEA67FE07075}.Debug|Any CPU.ActiveCfg = Debug|Any CPU
		{C97CEF55-4D8E-4FA5-9D16-CEA67FE07075}.Debug|Any CPU.Build.0 = Debug|Any CPU
		{C97CEF55-4D8E-4FA5-9D16-CEA67FE07075}.Release|Any CPU.ActiveCfg = Release|Any CPU
		{C97CEF55-4D8E-4FA5-9D16-CEA67FE07075}.Release|Any CPU.Build.0 = Release|Any CPU
		{118B4B39-CB4C-4C33-895D-F1EEE7288075}.Debug|Any CPU.ActiveCfg = Debug|Any CPU
		{118B4B39-CB4C-4C33-895D-F1EEE7288075}.Debug|Any CPU.Build.0 = Debug|Any CPU
		{118B4B39-CB4C-4C33-895D-F1EEE7288075}.Release|Any CPU.ActiveCfg = Release|Any CPU
		{118B4B39-CB4C-4C33-895D-F1EEE7288075}.Release|Any CPU.Build.0 = Release|Any CPU
		{DF38B760-5FA1-4DBD-9937-F5557143FAB7}.Debug|Any CPU.ActiveCfg = Debug|Any CPU
		{DF38B760-5FA1-4DBD-9937-F5557143FAB7}.Debug|Any CPU.Build.0 = Debug|Any CPU
		{DF38B760-5FA1-4DBD-9937-F5557143FAB7}.Release|Any CPU.ActiveCfg = Release|Any CPU
		{DF38B760-5FA1-4DBD-9937-F5557143FAB7}.Release|Any CPU.Build.0 = Release|Any CPU
		{A7ECD554-C07F-4956-ADDD-474AE70556AB}.Debug|Any CPU.ActiveCfg = Debug|Any CPU
		{A7ECD554-C07F-4956-ADDD-474AE70556AB}.Debug|Any CPU.Build.0 = Debug|Any CPU
		{A7ECD554-C07F-4956-ADDD-474AE70556AB}.Release|Any CPU.ActiveCfg = Release|Any CPU
		{A7ECD554-C07F-4956-ADDD-474AE70556AB}.Release|Any CPU.Build.0 = Release|Any CPU
		{7098667B-6918-4B5A-8C65-8C0CE9C0CA95}.Debug|Any CPU.ActiveCfg = Debug|Any CPU
		{7098667B-6918-4B5A-8C65-8C0CE9C0CA95}.Debug|Any CPU.Build.0 = Debug|Any CPU
		{7098667B-6918-4B5A-8C65-8C0CE9C0CA95}.Release|Any CPU.ActiveCfg = Release|Any CPU
		{7098667B-6918-4B5A-8C65-8C0CE9C0CA95}.Release|Any CPU.Build.0 = Release|Any CPU
		{89793381-2574-4F56-BDD3-4A3662837984}.Debug|Any CPU.ActiveCfg = Debug|Any CPU
		{89793381-2574-4F56-BDD3-4A3662837984}.Debug|Any CPU.Build.0 = Debug|Any CPU
		{89793381-2574-4F56-BDD3-4A3662837984}.Release|Any CPU.ActiveCfg = Release|Any CPU
		{89793381-2574-4F56-BDD3-4A3662837984}.Release|Any CPU.Build.0 = Release|Any CPU
		{53E0AC7A-3616-471A-9984-D5E6B04FE5B1}.Debug|Any CPU.ActiveCfg = Debug|Any CPU
		{53E0AC7A-3616-471A-9984-D5E6B04FE5B1}.Debug|Any CPU.Build.0 = Debug|Any CPU
		{53E0AC7A-3616-471A-9984-D5E6B04FE5B1}.Release|Any CPU.ActiveCfg = Release|Any CPU
		{53E0AC7A-3616-471A-9984-D5E6B04FE5B1}.Release|Any CPU.Build.0 = Release|Any CPU
		{E2522923-26E0-45D1-875C-34C1E597766F}.Debug|Any CPU.ActiveCfg = Debug|Any CPU
		{E2522923-26E0-45D1-875C-34C1E597766F}.Debug|Any CPU.Build.0 = Debug|Any CPU
		{E2522923-26E0-45D1-875C-34C1E597766F}.Release|Any CPU.ActiveCfg = Release|Any CPU
		{E2522923-26E0-45D1-875C-34C1E597766F}.Release|Any CPU.Build.0 = Release|Any CPU
		{120A61D3-E419-4C17-B632-324820A3E2D9}.Debug|Any CPU.ActiveCfg = Debug|Any CPU
		{120A61D3-E419-4C17-B632-324820A3E2D9}.Debug|Any CPU.Build.0 = Debug|Any CPU
		{120A61D3-E419-4C17-B632-324820A3E2D9}.Release|Any CPU.ActiveCfg = Release|Any CPU
		{120A61D3-E419-4C17-B632-324820A3E2D9}.Release|Any CPU.Build.0 = Release|Any CPU
		{5C8AA316-0AA7-4BB8-9712-352B199E310B}.Debug|Any CPU.ActiveCfg = Debug|Any CPU
		{5C8AA316-0AA7-4BB8-9712-352B199E310B}.Debug|Any CPU.Build.0 = Debug|Any CPU
		{5C8AA316-0AA7-4BB8-9712-352B199E310B}.Release|Any CPU.ActiveCfg = Release|Any CPU
		{5C8AA316-0AA7-4BB8-9712-352B199E310B}.Release|Any CPU.Build.0 = Release|Any CPU
		{279253BB-6312-4558-94F8-684F3EA0892A}.Debug|Any CPU.ActiveCfg = Debug|Any CPU
		{279253BB-6312-4558-94F8-684F3EA0892A}.Debug|Any CPU.Build.0 = Debug|Any CPU
		{279253BB-6312-4558-94F8-684F3EA0892A}.Release|Any CPU.ActiveCfg = Release|Any CPU
		{279253BB-6312-4558-94F8-684F3EA0892A}.Release|Any CPU.Build.0 = Release|Any CPU
		{463C3380-3D3E-4224-82BA-B3FB24B7975E}.Debug|Any CPU.ActiveCfg = Debug|Any CPU
		{463C3380-3D3E-4224-82BA-B3FB24B7975E}.Debug|Any CPU.Build.0 = Debug|Any CPU
		{463C3380-3D3E-4224-82BA-B3FB24B7975E}.Release|Any CPU.ActiveCfg = Release|Any CPU
		{463C3380-3D3E-4224-82BA-B3FB24B7975E}.Release|Any CPU.Build.0 = Release|Any CPU
		{C249FA1B-C120-4365-AE95-00FA5610AF69}.Debug|Any CPU.ActiveCfg = Debug|Any CPU
		{C249FA1B-C120-4365-AE95-00FA5610AF69}.Debug|Any CPU.Build.0 = Debug|Any CPU
		{C249FA1B-C120-4365-AE95-00FA5610AF69}.Release|Any CPU.ActiveCfg = Release|Any CPU
		{C249FA1B-C120-4365-AE95-00FA5610AF69}.Release|Any CPU.Build.0 = Release|Any CPU
		{72C21658-86C8-417C-BDB7-4444A5891508}.Debug|Any CPU.ActiveCfg = Debug|Any CPU
		{72C21658-86C8-417C-BDB7-4444A5891508}.Debug|Any CPU.Build.0 = Debug|Any CPU
		{72C21658-86C8-417C-BDB7-4444A5891508}.Release|Any CPU.ActiveCfg = Release|Any CPU
		{72C21658-86C8-417C-BDB7-4444A5891508}.Release|Any CPU.Build.0 = Release|Any CPU
		{A008F708-0C60-49EB-BFDD-A7D8918CE8B8}.Debug|Any CPU.ActiveCfg = Debug|Any CPU
		{A008F708-0C60-49EB-BFDD-A7D8918CE8B8}.Debug|Any CPU.Build.0 = Debug|Any CPU
		{A008F708-0C60-49EB-BFDD-A7D8918CE8B8}.Release|Any CPU.ActiveCfg = Release|Any CPU
		{A008F708-0C60-49EB-BFDD-A7D8918CE8B8}.Release|Any CPU.Build.0 = Release|Any CPU
	EndGlobalSection
	GlobalSection(SolutionProperties) = preSolution
		HideSolutionNode = FALSE
	EndGlobalSection
	GlobalSection(NestedProjects) = preSolution
		{E9630ECB-2BCA-4D79-800E-2A09536FAC77} = {0E2FAE95-AF09-4D6A-84B7-3BAC83BB2AC4}
		{14781C26-EFCD-46E5-ACD0-30A2C8684D51} = {0E2FAE95-AF09-4D6A-84B7-3BAC83BB2AC4}
		{62DE5037-D099-4E8D-B0C7-C4CD20166784} = {0E2FAE95-AF09-4D6A-84B7-3BAC83BB2AC4}
		{E1A5D77B-D553-4750-8790-47C1BDB57450} = {1A109641-7E39-4D74-AB1E-18C300D78808}
		{EDFD9E16-4645-4256-8463-83383F7FFC5C} = {1A109641-7E39-4D74-AB1E-18C300D78808}
		{9527175A-FC00-486E-9D0D-5CE64F791AF9} = {1A109641-7E39-4D74-AB1E-18C300D78808}
		{C97CEF55-4D8E-4FA5-9D16-CEA67FE07075} = {927D6D59-360B-4371-AB51-385ACC346036}
		{118B4B39-CB4C-4C33-895D-F1EEE7288075} = {927D6D59-360B-4371-AB51-385ACC346036}
		{DF38B760-5FA1-4DBD-9937-F5557143FAB7} = {927D6D59-360B-4371-AB51-385ACC346036}
		{A7ECD554-C07F-4956-ADDD-474AE70556AB} = {7AF57AA5-CA27-4E7A-8C76-ADB4B32A6464}
		{7098667B-6918-4B5A-8C65-8C0CE9C0CA95} = {7AF57AA5-CA27-4E7A-8C76-ADB4B32A6464}
		{89793381-2574-4F56-BDD3-4A3662837984} = {7AF57AA5-CA27-4E7A-8C76-ADB4B32A6464}
		{53E0AC7A-3616-471A-9984-D5E6B04FE5B1} = {A01D0B0B-8408-47A0-AB5C-1C24EE659795}
		{E2522923-26E0-45D1-875C-34C1E597766F} = {A01D0B0B-8408-47A0-AB5C-1C24EE659795}
		{120A61D3-E419-4C17-B632-324820A3E2D9} = {A01D0B0B-8408-47A0-AB5C-1C24EE659795}
		{5C8AA316-0AA7-4BB8-9712-352B199E310B} = {9F4FDAB8-3B50-4A5F-82F9-0DF5B41FE3B9}
		{279253BB-6312-4558-94F8-684F3EA0892A} = {9F4FDAB8-3B50-4A5F-82F9-0DF5B41FE3B9}
		{463C3380-3D3E-4224-82BA-B3FB24B7975E} = {9F4FDAB8-3B50-4A5F-82F9-0DF5B41FE3B9}
		{C249FA1B-C120-4365-AE95-00FA5610AF69} = {9311FC27-651A-4A98-9A23-5F8C6BF56DFE}
		{72C21658-86C8-417C-BDB7-4444A5891508} = {9311FC27-651A-4A98-9A23-5F8C6BF56DFE}
		{A008F708-0C60-49EB-BFDD-A7D8918CE8B8} = {9311FC27-651A-4A98-9A23-5F8C6BF56DFE}
	EndGlobalSection
	GlobalSection(ExtensibilityGlobals) = postSolution
		SolutionGuid = {C73978A9-8159-42B8-BEA5-D7CF1F559647}
	EndGlobalSection
EndGlobal
